// !$*UTF8*$!
{
	archiveVersion = 1;
	classes = {
	};
	objectVersion = 56;
	objects = {

/* Begin PBXBuildFile section */
		9D62125829A89205004D5E9C /* WerkApp.swift in Sources */ = {isa = PBXBuildFile; fileRef = 9D62125729A89205004D5E9C /* WerkApp.swift */; };
		9D62125A29A89205004D5E9C /* ContentView.swift in Sources */ = {isa = PBXBuildFile; fileRef = 9D62125929A89205004D5E9C /* ContentView.swift */; };
		9D62125C29A89206004D5E9C /* Assets.xcassets in Resources */ = {isa = PBXBuildFile; fileRef = 9D62125B29A89206004D5E9C /* Assets.xcassets */; };
		9D62125F29A89206004D5E9C /* Preview Assets.xcassets in Resources */ = {isa = PBXBuildFile; fileRef = 9D62125E29A89206004D5E9C /* Preview Assets.xcassets */; };
		9D62126929A89206004D5E9C /* WerkTests.swift in Sources */ = {isa = PBXBuildFile; fileRef = 9D62126829A89206004D5E9C /* WerkTests.swift */; };
		9D62127329A89206004D5E9C /* WerkUITests.swift in Sources */ = {isa = PBXBuildFile; fileRef = 9D62127229A89206004D5E9C /* WerkUITests.swift */; };
		9D62127529A89206004D5E9C /* WerkUITestsLaunchTests.swift in Sources */ = {isa = PBXBuildFile; fileRef = 9D62127429A89206004D5E9C /* WerkUITestsLaunchTests.swift */; };
/* End PBXBuildFile section */

/* Begin PBXContainerItemProxy section */
		9D62126529A89206004D5E9C /* PBXContainerItemProxy */ = {
			isa = PBXContainerItemProxy;
			containerPortal = 9D62124C29A89205004D5E9C /* Project object */;
			proxyType = 1;
			remoteGlobalIDString = 9D62125329A89205004D5E9C;
			remoteInfo = Werk;
		};
		9D62126F29A89206004D5E9C /* PBXContainerItemProxy */ = {
			isa = PBXContainerItemProxy;
			containerPortal = 9D62124C29A89205004D5E9C /* Project object */;
			proxyType = 1;
			remoteGlobalIDString = 9D62125329A89205004D5E9C;
			remoteInfo = Werk;
		};
/* End PBXContainerItemProxy section */

/* Begin PBXFileReference section */
		9D62125429A89205004D5E9C /* Werk.app */ = {isa = PBXFileReference; explicitFileType = wrapper.application; includeInIndex = 0; path = Werk.app; sourceTree = BUILT_PRODUCTS_DIR; };
		9D62125729A89205004D5E9C /* WerkApp.swift */ = {isa = PBXFileReference; lastKnownFileType = sourcecode.swift; path = WerkApp.swift; sourceTree = "<group>"; };
		9D62125929A89205004D5E9C /* ContentView.swift */ = {isa = PBXFileReference; lastKnownFileType = sourcecode.swift; path = ContentView.swift; sourceTree = "<group>"; };
		9D62125B29A89206004D5E9C /* Assets.xcassets */ = {isa = PBXFileReference; lastKnownFileType = folder.assetcatalog; path = Assets.xcassets; sourceTree = "<group>"; };
		9D62125E29A89206004D5E9C /* Preview Assets.xcassets */ = {isa = PBXFileReference; lastKnownFileType = folder.assetcatalog; path = "Preview Assets.xcassets"; sourceTree = "<group>"; };
		9D62126429A89206004D5E9C /* WerkTests.xctest */ = {isa = PBXFileReference; explicitFileType = wrapper.cfbundle; includeInIndex = 0; path = WerkTests.xctest; sourceTree = BUILT_PRODUCTS_DIR; };
		9D62126829A89206004D5E9C /* WerkTests.swift */ = {isa = PBXFileReference; lastKnownFileType = sourcecode.swift; path = WerkTests.swift; sourceTree = "<group>"; };
		9D62126E29A89206004D5E9C /* WerkUITests.xctest */ = {isa = PBXFileReference; explicitFileType = wrapper.cfbundle; includeInIndex = 0; path = WerkUITests.xctest; sourceTree = BUILT_PRODUCTS_DIR; };
		9D62127229A89206004D5E9C /* WerkUITests.swift */ = {isa = PBXFileReference; lastKnownFileType = sourcecode.swift; path = WerkUITests.swift; sourceTree = "<group>"; };
		9D62127429A89206004D5E9C /* WerkUITestsLaunchTests.swift */ = {isa = PBXFileReference; lastKnownFileType = sourcecode.swift; path = WerkUITestsLaunchTests.swift; sourceTree = "<group>"; };
/* End PBXFileReference section */

/* Begin PBXFrameworksBuildPhase section */
		9D62125129A89205004D5E9C /* Frameworks */ = {
			isa = PBXFrameworksBuildPhase;
			buildActionMask = 2147483647;
			files = (
			);
			runOnlyForDeploymentPostprocessing = 0;
		};
		9D62126129A89206004D5E9C /* Frameworks */ = {
			isa = PBXFrameworksBuildPhase;
			buildActionMask = 2147483647;
			files = (
			);
			runOnlyForDeploymentPostprocessing = 0;
		};
		9D62126B29A89206004D5E9C /* Frameworks */ = {
			isa = PBXFrameworksBuildPhase;
			buildActionMask = 2147483647;
			files = (
			);
			runOnlyForDeploymentPostprocessing = 0;
		};
/* End PBXFrameworksBuildPhase section */

/* Begin PBXGroup section */
		9D62124B29A89205004D5E9C = {
			isa = PBXGroup;
			children = (
				9D62125629A89205004D5E9C /* Werk */,
				9D62126729A89206004D5E9C /* WerkTests */,
				9D62127129A89206004D5E9C /* WerkUITests */,
				9D62125529A89205004D5E9C /* Products */,
			);
			sourceTree = "<group>";
		};
		9D62125529A89205004D5E9C /* Products */ = {
			isa = PBXGroup;
			children = (
				9D62125429A89205004D5E9C /* Werk.app */,
				9D62126429A89206004D5E9C /* WerkTests.xctest */,
				9D62126E29A89206004D5E9C /* WerkUITests.xctest */,
			);
			name = Products;
			sourceTree = "<group>";
		};
		9D62125629A89205004D5E9C /* Werk */ = {
			isa = PBXGroup;
			children = (
				9D62125729A89205004D5E9C /* WerkApp.swift */,
				9D62125929A89205004D5E9C /* ContentView.swift */,
				9D62125B29A89206004D5E9C /* Assets.xcassets */,
				9D62125D29A89206004D5E9C /* Preview Content */,
			);
			path = Werk;
			sourceTree = "<group>";
		};
		9D62125D29A89206004D5E9C /* Preview Content */ = {
			isa = PBXGroup;
			children = (
				9D62125E29A89206004D5E9C /* Preview Assets.xcassets */,
			);
			path = "Preview Content";
			sourceTree = "<group>";
		};
		9D62126729A89206004D5E9C /* WerkTests */ = {
			isa = PBXGroup;
			children = (
				9D62126829A89206004D5E9C /* WerkTests.swift */,
			);
			path = WerkTests;
			sourceTree = "<group>";
		};
		9D62127129A89206004D5E9C /* WerkUITests */ = {
			isa = PBXGroup;
			children = (
				9D62127229A89206004D5E9C /* WerkUITests.swift */,
				9D62127429A89206004D5E9C /* WerkUITestsLaunchTests.swift */,
			);
			path = WerkUITests;
			sourceTree = "<group>";
		};
/* End PBXGroup section */

/* Begin PBXNativeTarget section */
		9D62125329A89205004D5E9C /* Werk */ = {
			isa = PBXNativeTarget;
			buildConfigurationList = 9D62127829A89206004D5E9C /* Build configuration list for PBXNativeTarget "Werk" */;
			buildPhases = (
				9D62125029A89205004D5E9C /* Sources */,
				9D62125129A89205004D5E9C /* Frameworks */,
				9D62125229A89205004D5E9C /* Resources */,
			);
			buildRules = (
			);
			dependencies = (
			);
			name = Werk;
			productName = Werk;
			productReference = 9D62125429A89205004D5E9C /* Werk.app */;
			productType = "com.apple.product-type.application";
		};
		9D62126329A89206004D5E9C /* WerkTests */ = {
			isa = PBXNativeTarget;
			buildConfigurationList = 9D62127B29A89206004D5E9C /* Build configuration list for PBXNativeTarget "WerkTests" */;
			buildPhases = (
				9D62126029A89206004D5E9C /* Sources */,
				9D62126129A89206004D5E9C /* Frameworks */,
				9D62126229A89206004D5E9C /* Resources */,
			);
			buildRules = (
			);
			dependencies = (
				9D62126629A89206004D5E9C /* PBXTargetDependency */,
			);
			name = WerkTests;
			productName = WerkTests;
			productReference = 9D62126429A89206004D5E9C /* WerkTests.xctest */;
			productType = "com.apple.product-type.bundle.unit-test";
		};
		9D62126D29A89206004D5E9C /* WerkUITests */ = {
			isa = PBXNativeTarget;
			buildConfigurationList = 9D62127E29A89206004D5E9C /* Build configuration list for PBXNativeTarget "WerkUITests" */;
			buildPhases = (
				9D62126A29A89206004D5E9C /* Sources */,
				9D62126B29A89206004D5E9C /* Frameworks */,
				9D62126C29A89206004D5E9C /* Resources */,
			);
			buildRules = (
			);
			dependencies = (
				9D62127029A89206004D5E9C /* PBXTargetDependency */,
			);
			name = WerkUITests;
			productName = WerkUITests;
			productReference = 9D62126E29A89206004D5E9C /* WerkUITests.xctest */;
			productType = "com.apple.product-type.bundle.ui-testing";
		};
/* End PBXNativeTarget section */

/* Begin PBXProject section */
		9D62124C29A89205004D5E9C /* Project object */ = {
			isa = PBXProject;
			attributes = {
				BuildIndependentTargetsInParallel = 1;
				LastSwiftUpdateCheck = 1420;
				LastUpgradeCheck = 1420;
				TargetAttributes = {
					9D62125329A89205004D5E9C = {
						CreatedOnToolsVersion = 14.2;
					};
					9D62126329A89206004D5E9C = {
						CreatedOnToolsVersion = 14.2;
						TestTargetID = 9D62125329A89205004D5E9C;
					};
					9D62126D29A89206004D5E9C = {
						CreatedOnToolsVersion = 14.2;
						TestTargetID = 9D62125329A89205004D5E9C;
					};
				};
			};
			buildConfigurationList = 9D62124F29A89205004D5E9C /* Build configuration list for PBXProject "Werk" */;
			compatibilityVersion = "Xcode 14.0";
			developmentRegion = en;
			hasScannedForEncodings = 0;
			knownRegions = (
				en,
				Base,
			);
			mainGroup = 9D62124B29A89205004D5E9C;
			productRefGroup = 9D62125529A89205004D5E9C /* Products */;
			projectDirPath = "";
			projectRoot = "";
			targets = (
				9D62125329A89205004D5E9C /* Werk */,
				9D62126329A89206004D5E9C /* WerkTests */,
				9D62126D29A89206004D5E9C /* WerkUITests */,
			);
		};
/* End PBXProject section */

/* Begin PBXResourcesBuildPhase section */
		9D62125229A89205004D5E9C /* Resources */ = {
			isa = PBXResourcesBuildPhase;
			buildActionMask = 2147483647;
			files = (
				9D62125F29A89206004D5E9C /* Preview Assets.xcassets in Resources */,
				9D62125C29A89206004D5E9C /* Assets.xcassets in Resources */,
			);
			runOnlyForDeploymentPostprocessing = 0;
		};
		9D62126229A89206004D5E9C /* Resources */ = {
			isa = PBXResourcesBuildPhase;
			buildActionMask = 2147483647;
			files = (
			);
			runOnlyForDeploymentPostprocessing = 0;
		};
		9D62126C29A89206004D5E9C /* Resources */ = {
			isa = PBXResourcesBuildPhase;
			buildActionMask = 2147483647;
			files = (
			);
			runOnlyForDeploymentPostprocessing = 0;
		};
/* End PBXResourcesBuildPhase section */

/* Begin PBXSourcesBuildPhase section */
		9D62125029A89205004D5E9C /* Sources */ = {
			isa = PBXSourcesBuildPhase;
			buildActionMask = 2147483647;
			files = (
				9D62125A29A89205004D5E9C /* ContentView.swift in Sources */,
				9D62125829A89205004D5E9C /* WerkApp.swift in Sources */,
			);
			runOnlyForDeploymentPostprocessing = 0;
		};
		9D62126029A89206004D5E9C /* Sources */ = {
			isa = PBXSourcesBuildPhase;
			buildActionMask = 2147483647;
			files = (
				9D62126929A89206004D5E9C /* WerkTests.swift in Sources */,
			);
			runOnlyForDeploymentPostprocessing = 0;
		};
		9D62126A29A89206004D5E9C /* Sources */ = {
			isa = PBXSourcesBuildPhase;
			buildActionMask = 2147483647;
			files = (
				9D62127329A89206004D5E9C /* WerkUITests.swift in Sources */,
				9D62127529A89206004D5E9C /* WerkUITestsLaunchTests.swift in Sources */,
			);
			runOnlyForDeploymentPostprocessing = 0;
		};
/* End PBXSourcesBuildPhase section */

/* Begin PBXTargetDependency section */
		9D62126629A89206004D5E9C /* PBXTargetDependency */ = {
			isa = PBXTargetDependency;
			target = 9D62125329A89205004D5E9C /* Werk */;
			targetProxy = 9D62126529A89206004D5E9C /* PBXContainerItemProxy */;
		};
		9D62127029A89206004D5E9C /* PBXTargetDependency */ = {
			isa = PBXTargetDependency;
			target = 9D62125329A89205004D5E9C /* Werk */;
			targetProxy = 9D62126F29A89206004D5E9C /* PBXContainerItemProxy */;
		};
/* End PBXTargetDependency section */

/* Begin XCBuildConfiguration section */
		9D62127629A89206004D5E9C /* Debug */ = {
			isa = XCBuildConfiguration;
			buildSettings = {
				ALWAYS_SEARCH_USER_PATHS = NO;
				CLANG_ANALYZER_NONNULL = YES;
				CLANG_ANALYZER_NUMBER_OBJECT_CONVERSION = YES_AGGRESSIVE;
				CLANG_CXX_LANGUAGE_STANDARD = "gnu++20";
				CLANG_ENABLE_MODULES = YES;
				CLANG_ENABLE_OBJC_ARC = YES;
				CLANG_ENABLE_OBJC_WEAK = YES;
				CLANG_WARN_BLOCK_CAPTURE_AUTORELEASING = YES;
				CLANG_WARN_BOOL_CONVERSION = YES;
				CLANG_WARN_COMMA = YES;
				CLANG_WARN_CONSTANT_CONVERSION = YES;
				CLANG_WARN_DEPRECATED_OBJC_IMPLEMENTATIONS = YES;
				CLANG_WARN_DIRECT_OBJC_ISA_USAGE = YES_ERROR;
				CLANG_WARN_DOCUMENTATION_COMMENTS = YES;
				CLANG_WARN_EMPTY_BODY = YES;
				CLANG_WARN_ENUM_CONVERSION = YES;
				CLANG_WARN_INFINITE_RECURSION = YES;
				CLANG_WARN_INT_CONVERSION = YES;
				CLANG_WARN_NON_LITERAL_NULL_CONVERSION = YES;
				CLANG_WARN_OBJC_IMPLICIT_RETAIN_SELF = YES;
				CLANG_WARN_OBJC_LITERAL_CONVERSION = YES;
				CLANG_WARN_OBJC_ROOT_CLASS = YES_ERROR;
				CLANG_WARN_QUOTED_INCLUDE_IN_FRAMEWORK_HEADER = YES;
				CLANG_WARN_RANGE_LOOP_ANALYSIS = YES;
				CLANG_WARN_STRICT_PROTOTYPES = YES;
				CLANG_WARN_SUSPICIOUS_MOVE = YES;
				CLANG_WARN_UNGUARDED_AVAILABILITY = YES_AGGRESSIVE;
				CLANG_WARN_UNREACHABLE_CODE = YES;
				CLANG_WARN__DUPLICATE_METHOD_MATCH = YES;
				COPY_PHASE_STRIP = NO;
				DEBUG_INFORMATION_FORMAT = dwarf;
				ENABLE_STRICT_OBJC_MSGSEND = YES;
				ENABLE_TESTABILITY = YES;
				GCC_C_LANGUAGE_STANDARD = gnu11;
				GCC_DYNAMIC_NO_PIC = NO;
				GCC_NO_COMMON_BLOCKS = YES;
				GCC_OPTIMIZATION_LEVEL = 0;
				GCC_PREPROCESSOR_DEFINITIONS = (
					"DEBUG=1",
					"$(inherited)",
				);
				GCC_WARN_64_TO_32_BIT_CONVERSION = YES;
				GCC_WARN_ABOUT_RETURN_TYPE = YES_ERROR;
				GCC_WARN_UNDECLARED_SELECTOR = YES;
				GCC_WARN_UNINITIALIZED_AUTOS = YES_AGGRESSIVE;
				GCC_WARN_UNUSED_FUNCTION = YES;
				GCC_WARN_UNUSED_VARIABLE = YES;
				IPHONEOS_DEPLOYMENT_TARGET = 16.2;
				MTL_ENABLE_DEBUG_INFO = INCLUDE_SOURCE;
				MTL_FAST_MATH = YES;
				ONLY_ACTIVE_ARCH = YES;
				SDKROOT = iphoneos;
				SWIFT_ACTIVE_COMPILATION_CONDITIONS = DEBUG;
				SWIFT_OPTIMIZATION_LEVEL = "-Onone";
			};
			name = Debug;
		};
		9D62127729A89206004D5E9C /* Release */ = {
			isa = XCBuildConfiguration;
			buildSettings = {
				ALWAYS_SEARCH_USER_PATHS = NO;
				CLANG_ANALYZER_NONNULL = YES;
				CLANG_ANALYZER_NUMBER_OBJECT_CONVERSION = YES_AGGRESSIVE;
				CLANG_CXX_LANGUAGE_STANDARD = "gnu++20";
				CLANG_ENABLE_MODULES = YES;
				CLANG_ENABLE_OBJC_ARC = YES;
				CLANG_ENABLE_OBJC_WEAK = YES;
				CLANG_WARN_BLOCK_CAPTURE_AUTORELEASING = YES;
				CLANG_WARN_BOOL_CONVERSION = YES;
				CLANG_WARN_COMMA = YES;
				CLANG_WARN_CONSTANT_CONVERSION = YES;
				CLANG_WARN_DEPRECATED_OBJC_IMPLEMENTATIONS = YES;
				CLANG_WARN_DIRECT_OBJC_ISA_USAGE = YES_ERROR;
				CLANG_WARN_DOCUMENTATION_COMMENTS = YES;
				CLANG_WARN_EMPTY_BODY = YES;
				CLANG_WARN_ENUM_CONVERSION = YES;
				CLANG_WARN_INFINITE_RECURSION = YES;
				CLANG_WARN_INT_CONVERSION = YES;
				CLANG_WARN_NON_LITERAL_NULL_CONVERSION = YES;
				CLANG_WARN_OBJC_IMPLICIT_RETAIN_SELF = YES;
				CLANG_WARN_OBJC_LITERAL_CONVERSION = YES;
				CLANG_WARN_OBJC_ROOT_CLASS = YES_ERROR;
				CLANG_WARN_QUOTED_INCLUDE_IN_FRAMEWORK_HEADER = YES;
				CLANG_WARN_RANGE_LOOP_ANALYSIS = YES;
				CLANG_WARN_STRICT_PROTOTYPES = YES;
				CLANG_WARN_SUSPICIOUS_MOVE = YES;
				CLANG_WARN_UNGUARDED_AVAILABILITY = YES_AGGRESSIVE;
				CLANG_WARN_UNREACHABLE_CODE = YES;
				CLANG_WARN__DUPLICATE_METHOD_MATCH = YES;
				COPY_PHASE_STRIP = NO;
				DEBUG_INFORMATION_FORMAT = "dwarf-with-dsym";
				ENABLE_NS_ASSERTIONS = NO;
				ENABLE_STRICT_OBJC_MSGSEND = YES;
				GCC_C_LANGUAGE_STANDARD = gnu11;
				GCC_NO_COMMON_BLOCKS = YES;
				GCC_WARN_64_TO_32_BIT_CONVERSION = YES;
				GCC_WARN_ABOUT_RETURN_TYPE = YES_ERROR;
				GCC_WARN_UNDECLARED_SELECTOR = YES;
				GCC_WARN_UNINITIALIZED_AUTOS = YES_AGGRESSIVE;
				GCC_WARN_UNUSED_FUNCTION = YES;
				GCC_WARN_UNUSED_VARIABLE = YES;
				IPHONEOS_DEPLOYMENT_TARGET = 16.2;
				MTL_ENABLE_DEBUG_INFO = NO;
				MTL_FAST_MATH = YES;
				SDKROOT = iphoneos;
				SWIFT_COMPILATION_MODE = wholemodule;
				SWIFT_OPTIMIZATION_LEVEL = "-O";
				VALIDATE_PRODUCT = YES;
			};
			name = Release;
		};
		9D62127929A89206004D5E9C /* Debug */ = {
			isa = XCBuildConfiguration;
			buildSettings = {
				ASSETCATALOG_COMPILER_APPICON_NAME = AppIcon;
				ASSETCATALOG_COMPILER_GLOBAL_ACCENT_COLOR_NAME = AccentColor;
				CODE_SIGN_STYLE = Automatic;
				CURRENT_PROJECT_VERSION = 1;
				DEVELOPMENT_ASSET_PATHS = "\"Werk/Preview Content\"";
				ENABLE_PREVIEWS = YES;
				GENERATE_INFOPLIST_FILE = YES;
				INFOPLIST_KEY_UIApplicationSceneManifest_Generation = YES;
				INFOPLIST_KEY_UIApplicationSupportsIndirectInputEvents = YES;
				INFOPLIST_KEY_UILaunchScreen_Generation = YES;
				INFOPLIST_KEY_UISupportedInterfaceOrientations_iPad = "UIInterfaceOrientationPortrait UIInterfaceOrientationPortraitUpsideDown UIInterfaceOrientationLandscapeLeft UIInterfaceOrientationLandscapeRight";
				INFOPLIST_KEY_UISupportedInterfaceOrientations_iPhone = "UIInterfaceOrientationPortrait UIInterfaceOrientationLandscapeLeft UIInterfaceOrientationLandscapeRight";
				LD_RUNPATH_SEARCH_PATHS = (
					"$(inherited)",
					"@executable_path/Frameworks",
				);
				MARKETING_VERSION = 1.0;
				PRODUCT_BUNDLE_IDENTIFIER = lourw.Werk;
				PRODUCT_NAME = "$(TARGET_NAME)";
				SWIFT_EMIT_LOC_STRINGS = YES;
				SWIFT_VERSION = 5.0;
				TARGETED_DEVICE_FAMILY = "1,2";
			};
			name = Debug;
		};
		9D62127A29A89206004D5E9C /* Release */ = {
			isa = XCBuildConfiguration;
			buildSettings = {
				ASSETCATALOG_COMPILER_APPICON_NAME = AppIcon;
				ASSETCATALOG_COMPILER_GLOBAL_ACCENT_COLOR_NAME = AccentColor;
				CODE_SIGN_STYLE = Automatic;
				CURRENT_PROJECT_VERSION = 1;
				DEVELOPMENT_ASSET_PATHS = "\"Werk/Preview Content\"";
				ENABLE_PREVIEWS = YES;
				GENERATE_INFOPLIST_FILE = YES;
				INFOPLIST_KEY_UIApplicationSceneManifest_Generation = YES;
				INFOPLIST_KEY_UIApplicationSupportsIndirectInputEvents = YES;
				INFOPLIST_KEY_UILaunchScreen_Generation = YES;
				INFOPLIST_KEY_UISupportedInterfaceOrientations_iPad = "UIInterfaceOrientationPortrait UIInterfaceOrientationPortraitUpsideDown UIInterfaceOrientationLandscapeLeft UIInterfaceOrientationLandscapeRight";
				INFOPLIST_KEY_UISupportedInterfaceOrientations_iPhone = "UIInterfaceOrientationPortrait UIInterfaceOrientationLandscapeLeft UIInterfaceOrientationLandscapeRight";
				LD_RUNPATH_SEARCH_PATHS = (
					"$(inherited)",
					"@executable_path/Frameworks",
				);
				MARKETING_VERSION = 1.0;
				PRODUCT_BUNDLE_IDENTIFIER = lourw.Werk;
				PRODUCT_NAME = "$(TARGET_NAME)";
				SWIFT_EMIT_LOC_STRINGS = YES;
				SWIFT_VERSION = 5.0;
				TARGETED_DEVICE_FAMILY = "1,2";
			};
			name = Release;
		};
		9D62127C29A89206004D5E9C /* Debug */ = {
			isa = XCBuildConfiguration;
			buildSettings = {
				ALWAYS_EMBED_SWIFT_STANDARD_LIBRARIES = YES;
				BUNDLE_LOADER = "$(TEST_HOST)";
				CODE_SIGN_STYLE = Automatic;
				CURRENT_PROJECT_VERSION = 1;
				GENERATE_INFOPLIST_FILE = YES;
				IPHONEOS_DEPLOYMENT_TARGET = 16.2;
				MARKETING_VERSION = 1.0;
				PRODUCT_BUNDLE_IDENTIFIER = lourw.WerkTests;
				PRODUCT_NAME = "$(TARGET_NAME)";
				SWIFT_EMIT_LOC_STRINGS = NO;
				SWIFT_VERSION = 5.0;
				TARGETED_DEVICE_FAMILY = "1,2";
				TEST_HOST = "$(BUILT_PRODUCTS_DIR)/Werk.app/$(BUNDLE_EXECUTABLE_FOLDER_PATH)/Werk";
			};
			name = Debug;
		};
		9D62127D29A89206004D5E9C /* Release */ = {
			isa = XCBuildConfiguration;
			buildSettings = {
				ALWAYS_EMBED_SWIFT_STANDARD_LIBRARIES = YES;
				BUNDLE_LOADER = "$(TEST_HOST)";
				CODE_SIGN_STYLE = Automatic;
				CURRENT_PROJECT_VERSION = 1;
				GENERATE_INFOPLIST_FILE = YES;
				IPHONEOS_DEPLOYMENT_TARGET = 16.2;
				MARKETING_VERSION = 1.0;
				PRODUCT_BUNDLE_IDENTIFIER = lourw.WerkTests;
				PRODUCT_NAME = "$(TARGET_NAME)";
				SWIFT_EMIT_LOC_STRINGS = NO;
				SWIFT_VERSION = 5.0;
				TARGETED_DEVICE_FAMILY = "1,2";
				TEST_HOST = "$(BUILT_PRODUCTS_DIR)/Werk.app/$(BUNDLE_EXECUTABLE_FOLDER_PATH)/Werk";
			};
			name = Release;
		};
		9D62127F29A89206004D5E9C /* Debug */ = {
			isa = XCBuildConfiguration;
			buildSettings = {
				ALWAYS_EMBED_SWIFT_STANDARD_LIBRARIES = YES;
				CODE_SIGN_STYLE = Automatic;
				CURRENT_PROJECT_VERSION = 1;
				GENERATE_INFOPLIST_FILE = YES;
				MARKETING_VERSION = 1.0;
				PRODUCT_BUNDLE_IDENTIFIER = lourw.WerkUITests;
				PRODUCT_NAME = "$(TARGET_NAME)";
				SWIFT_EMIT_LOC_STRINGS = NO;
				SWIFT_VERSION = 5.0;
				TARGETED_DEVICE_FAMILY = "1,2";
				TEST_TARGET_NAME = Werk;
			};
			name = Debug;
		};
		9D62128029A89206004D5E9C /* Release */ = {
			isa = XCBuildConfiguration;
			buildSettings = {
				ALWAYS_EMBED_SWIFT_STANDARD_LIBRARIES = YES;
				CODE_SIGN_STYLE = Automatic;
				CURRENT_PROJECT_VERSION = 1;
				GENERATE_INFOPLIST_FILE = YES;
				MARKETING_VERSION = 1.0;
				PRODUCT_BUNDLE_IDENTIFIER = lourw.WerkUITests;
				PRODUCT_NAME = "$(TARGET_NAME)";
				SWIFT_EMIT_LOC_STRINGS = NO;
				SWIFT_VERSION = 5.0;
				TARGETED_DEVICE_FAMILY = "1,2";
				TEST_TARGET_NAME = Werk;
			};
			name = Release;
		};
/* End XCBuildConfiguration section */

/* Begin XCConfigurationList section */
		9D62124F29A89205004D5E9C /* Build configuration list for PBXProject "Werk" */ = {
			isa = XCConfigurationList;
			buildConfigurations = (
				9D62127629A89206004D5E9C /* Debug */,
				9D62127729A89206004D5E9C /* Release */,
			);
			defaultConfigurationIsVisible = 0;
			defaultConfigurationName = Release;
		};
		9D62127829A89206004D5E9C /* Build configuration list for PBXNativeTarget "Werk" */ = {
			isa = XCConfigurationList;
			buildConfigurations = (
				9D62127929A89206004D5E9C /* Debug */,
				9D62127A29A89206004D5E9C /* Release */,
			);
			defaultConfigurationIsVisible = 0;
			defaultConfigurationName = Release;
		};
		9D62127B29A89206004D5E9C /* Build configuration list for PBXNativeTarget "WerkTests" */ = {
			isa = XCConfigurationList;
			buildConfigurations = (
				9D62127C29A89206004D5E9C /* Debug */,
				9D62127D29A89206004D5E9C /* Release */,
			);
			defaultConfigurationIsVisible = 0;
			defaultConfigurationName = Release;
		};
		9D62127E29A89206004D5E9C /* Build configuration list for PBXNativeTarget "WerkUITests" */ = {
			isa = XCConfigurationList;
			buildConfigurations = (
				9D62127F29A89206004D5E9C /* Debug */,
				9D62128029A89206004D5E9C /* Release */,
			);
			defaultConfigurationIsVisible = 0;
			defaultConfigurationName = Release;
		};
/* End XCConfigurationList section */
	};
	rootObject = 9D62124C29A89205004D5E9C /* Project object */;
}
